
Microsoft Visual Studio Solution File, Format Version 12.00
# Visual Studio Version 17
VisualStudioVersion = 17.12.35707.178 d17.12
MinimumVisualStudioVersion = 10.0.40219.1
Project("{FAE04EC0-301F-11D3-BF4B-00C04F79EFBC}") = "DewaRefit.API", "DewaRefit.API\DewaRefit.API.csproj", "{47BB8233-3F8D-4351-9603-23556E2D3DC8}"
EndProject
Global
	GlobalSection(SolutionConfigurationPlatforms) = preSolution
		Debug|Any CPU = Debug|Any CPU
		Release|Any CPU = Release|Any CPU
	EndGlobalSection
	GlobalSection(ProjectConfigurationPlatforms) = postSolution
		{47BB8233-3F8D-4351-9603-23556E2D3DC8}.Debug|Any CPU.ActiveCfg = Debug|Any CPU
		{47BB8233-3F8D-4351-9603-23556E2D3DC8}.Debug|Any CPU.Build.0 = Debug|Any CPU
		{47BB8233-3F8D-4351-9603-23556E2D3DC8}.Release|Any CPU.ActiveCfg = Release|Any CPU
		{47BB8233-3F8D-4351-9603-23556E2D3DC8}.Release|Any CPU.Build.0 = Release|Any CPU
	EndGlobalSection
	GlobalSection(SolutionProperties) = preSolution
		HideSolutionNode = FALSE
	EndGlobalSection
EndGlobal
